{
  "name": "adonisjs.com",
  "requires": true,
  "lockfileVersion": 1,
  "dependencies": {
    "@dimerapp/markdown": {
      "version": "3.2.2",
      "resolved": "https://registry.npmjs.org/@dimerapp/markdown/-/markdown-3.2.2.tgz",
      "integrity": "sha512-KGQEUxgc8LjttlD/fzp3uU/6yzK+HLtgTaLK9KJvEnsz0diLp6U2jg1F16Ow8NoRQsEoYMVNqGrRwcetd9TtyA==",
      "requires": {
        "detab": "^2.0.1",
        "mdast-util-definitions": "^1.2.3",
        "mdast-util-to-string": "^1.0.5",
        "mdast-util-toc": "^2.1.0",
        "rehype-minify-whitespace": "^2.0.3",
        "rehype-sanitize": "^2.0.1",
        "rehype-sort-attribute-values": "^1.0.1",
        "rehype-sort-attributes": "^1.0.1",
        "rehype-stringify": "^4.0.0",
        "remark-autolink-headings": "git+https://github.com/thetutlage/remark-autolink-headings.git",
        "remark-macro": "^1.0.7",
        "remark-parse": "^5.0.0",
        "remark-rehype": "^3.0.1",
        "remark-slug": "^5.1.0",
        "remark-squeeze-paragraphs": "^3.0.2",
        "unified": "^7.0.0",
        "unist-builder": "^1.0.3",
        "unist-util-visit": "^1.4.0"
      }
    },
    "@poppinss/inspect": {
      "version": "1.0.1",
      "resolved": "https://registry.npmjs.org/@poppinss/inspect/-/inspect-1.0.1.tgz",
      "integrity": "sha512-kLeEaBSGhlleyYvKc7c9s3uE6xv7cwyulE0EgHf4jU/CL96h0yC4mkdw1wvC1l1PYYQozCGy46FwMBAAMOobCA=="
    },
    "@types/node": {
      "version": "14.6.2",
      "resolved": "https://registry.npmjs.org/@types/node/-/node-14.6.2.tgz",
      "integrity": "sha512-onlIwbaeqvZyniGPfdw/TEhKIh79pz66L1q06WUQqJLnAb6wbjvOtepLYTGHTqzdXgBYIE3ZdmqHDGsRsbBz7A=="
    },
    "@types/unist": {
      "version": "2.0.3",
      "resolved": "https://registry.npmjs.org/@types/unist/-/unist-2.0.3.tgz",
      "integrity": "sha512-FvUupuM3rlRsRtCN+fDudtmytGO6iHJuuRKS1Ss0pG5z8oX0diNEw94UEL7hgDbpN94rgaK5R7sWm6RrSkZuAQ=="
    },
    "@types/vfile": {
      "version": "3.0.2",
      "resolved": "https://registry.npmjs.org/@types/vfile/-/vfile-3.0.2.tgz",
      "integrity": "sha512-b3nLFGaGkJ9rzOcuXRfHkZMdjsawuDD0ENL9fzTophtBg8FJHSGbH7daXkEpcwy3v7Xol3pAvsmlYyFhR4pqJw==",
      "requires": {
        "@types/node": "*",
        "@types/unist": "*",
        "@types/vfile-message": "*"
      }
    },
    "@types/vfile-message": {
      "version": "2.0.0",
      "resolved": "https://registry.npmjs.org/@types/vfile-message/-/vfile-message-2.0.0.tgz",
      "integrity": "sha512-GpTIuDpb9u4zIO165fUy9+fXcULdD8HFRNli04GehoMVbeNq7D6OBnqSmg3lxZnC+UvgUhEWKxdKiwYUkGltIw==",
      "requires": {
        "vfile-message": "*"
      }
    },
    "acorn": {
      "version": "7.4.0",
      "resolved": "https://registry.npmjs.org/acorn/-/acorn-7.4.0.tgz",
      "integrity": "sha512-+G7P8jJmCHr+S+cLfQxygbWhXy+8YTVGzAkpEbcLo2mLoL7tij/VG41QSHACSf5QgYRhMZYHuNc6drJaO0Da+w=="
    },
    "argparse": {
      "version": "1.0.10",
      "resolved": "https://registry.npmjs.org/argparse/-/argparse-1.0.10.tgz",
      "integrity": "sha512-o5Roy6tNG4SL/FOkCAN6RzjiakZS25RLYFrcMttJqbdd8BWrnA+fGz57iN5Pb06pvBGvl5gQ0B48dJlslXvoTg==",
      "requires": {
        "sprintf-js": "~1.0.2"
      }
    },
    "array-iterate": {
      "version": "1.1.4",
      "resolved": "https://registry.npmjs.org/array-iterate/-/array-iterate-1.1.4.tgz",
      "integrity": "sha512-sNRaPGh9nnmdC8Zf+pT3UqP8rnWj5Hf9wiFGsX3wUQ2yVSIhO2ShFwCoceIPpB41QF6i2OEmrHmCo36xronCVA=="
    },
    "astring": {
      "version": "1.4.3",
      "resolved": "https://registry.npmjs.org/astring/-/astring-1.4.3.tgz",
      "integrity": "sha512-yJlJU/bmN820vL+cbWShu2YQU87dBP5V7BH2N4wODapRv27A2dZtUD0LgjP9lZENvPe9XRoSyWx+pZR6qKqNBw=="
    },
    "at-least-node": {
      "version": "1.0.0",
      "resolved": "https://registry.npmjs.org/at-least-node/-/at-least-node-1.0.0.tgz",
      "integrity": "sha512-+q/t7Ekv1EDY2l6Gda6LLiX14rU9TV20Wa3ofeQmwPFZbOMo9DXrLbOjFaaclkXKWidIaopwAObQDqwWtGUjqg=="
    },
    "bail": {
      "version": "1.0.5",
      "resolved": "https://registry.npmjs.org/bail/-/bail-1.0.5.tgz",
      "integrity": "sha512-xFbRxM1tahm08yHBP16MMjVUAvDaBMD38zsM9EMAUN61omwLmKlOpB/Zku5QkjZ8TZ4vn53pj+t518cH0S03RQ=="
    },
    "ccount": {
      "version": "1.0.5",
      "resolved": "https://registry.npmjs.org/ccount/-/ccount-1.0.5.tgz",
      "integrity": "sha512-MOli1W+nfbPLlKEhInaxhRdp7KVLFxLN5ykwzHgLsLI3H3gs5jjFAK4Eoj3OzzcxCtumDaI8onoVDeQyWaNTkw=="
    },
    "character-entities": {
      "version": "1.2.4",
      "resolved": "https://registry.npmjs.org/character-entities/-/character-entities-1.2.4.tgz",
      "integrity": "sha512-iBMyeEHxfVnIakwOuDXpVkc54HijNgCyQB2w0VfGQThle6NXn50zU6V/u+LDhxHcDUPojn6Kpga3PTAD8W1bQw=="
    },
    "character-entities-html4": {
      "version": "1.1.4",
      "resolved": "https://registry.npmjs.org/character-entities-html4/-/character-entities-html4-1.1.4.tgz",
      "integrity": "sha512-HRcDxZuZqMx3/a+qrzxdBKBPUpxWEq9xw2OPZ3a/174ihfrQKVsFhqtthBInFy1zZ9GgZyFXOatNujm8M+El3g=="
    },
    "character-entities-legacy": {
      "version": "1.1.4",
      "resolved": "https://registry.npmjs.org/character-entities-legacy/-/character-entities-legacy-1.1.4.tgz",
      "integrity": "sha512-3Xnr+7ZFS1uxeiUDvV02wQ+QDbc55o97tIV5zHScSPJpcLm/r0DFPcoY3tYRp+VZukxuMeKgXYmsXQHO05zQeA=="
    },
    "character-reference-invalid": {
      "version": "1.1.4",
      "resolved": "https://registry.npmjs.org/character-reference-invalid/-/character-reference-invalid-1.1.4.tgz",
      "integrity": "sha512-mKKUkUbhPpQlCOfIuZkvSEgktjPFIsZKRRbC6KWVEMvlzblj3i3asQv5ODsrwt0N3pHAEvjP8KTQPHkp0+6jOg=="
    },
    "collapse-white-space": {
      "version": "1.0.6",
      "resolved": "https://registry.npmjs.org/collapse-white-space/-/collapse-white-space-1.0.6.tgz",
      "integrity": "sha512-jEovNnrhMuqyCcjfEJA56v0Xq8SkIoPKDyaHahwo3POf4qcSXqMYuwNcOTzp74vTsR9Tn08z4MxWqAhcekogkQ=="
    },
    "comma-separated-tokens": {
      "version": "1.0.8",
      "resolved": "https://registry.npmjs.org/comma-separated-tokens/-/comma-separated-tokens-1.0.8.tgz",
      "integrity": "sha512-GHuDRO12Sypu2cV70d1dkA2EUmXHgntrzbpvOB+Qy+49ypNfGgFQIC2fhhXbnyrJRynDCAARsT7Ou0M6hirpfw=="
    },
    "detab": {
      "version": "2.0.3",
      "resolved": "https://registry.npmjs.org/detab/-/detab-2.0.3.tgz",
      "integrity": "sha512-Up8P0clUVwq0FnFjDclzZsy9PadzRn5FFxrr47tQQvMHqyiFYVbpH8oXDzWtF0Q7pYy3l+RPmtBl+BsFF6wH0A==",
      "requires": {
        "repeat-string": "^1.5.4"
      }
    },
    "edge-error": {
      "version": "1.0.4",
      "resolved": "https://registry.npmjs.org/edge-error/-/edge-error-1.0.4.tgz",
      "integrity": "sha512-8i/EUKNm2lQRKXHVEo+Nc4hChkB5tu2vg59KdDi6ImkPaRIvY3uHu02Xug9rHEcHa3Z3Xbdh3TSvLBj4tfoeyA=="
    },
    "edge-lexer": {
      "version": "3.0.3",
      "resolved": "https://registry.npmjs.org/edge-lexer/-/edge-lexer-3.0.3.tgz",
      "integrity": "sha512-I5w4wT19jSBaVtB3wRUUHQ5Ztj5Ps1cKTIa237JhzzsNMg2kynC/QJtt+DW0UZe4SE7VxEDnMx5HhQf4bBTv2w==",
      "requires": {
        "edge-error": "^1.0.4"
      }
    },
    "edge-parser": {
      "version": "5.0.6",
      "resolved": "https://registry.npmjs.org/edge-parser/-/edge-parser-5.0.6.tgz",
      "integrity": "sha512-RnP4IEyTGrQT5A1LCGRQAJoEWPgmnoAPfabh/o0wQ3BdonRoEsVmzj35uYiKd5YJIW9Ui8TzXElJYr3wPeh8cg==",
      "requires": {
        "acorn": "^7.1.1",
        "astring": "^1.4.3",
        "edge-error": "^1.0.4",
        "edge-lexer": "^3.0.3",
        "js-stringify": "^1.0.2"
      }
    },
    "edge.js": {
      "version": "3.0.5",
      "resolved": "https://registry.npmjs.org/edge.js/-/edge.js-3.0.5.tgz",
      "integrity": "sha512-P68cpGqYXwNhqg7Cw7ay0Jbf7nKp4dQUC7q+PNQJCzz2vGv1OcCOmlX2iW+k7Dm2Ee8RZ3afW1csG9zfwgmD+Q==",
      "requires": {
        "@poppinss/inspect": "^1.0.1",
        "edge-error": "^1.0.4",
        "edge-lexer": "^3.0.3",
        "edge-parser": "^5.0.6",
        "he": "^1.2.0",
        "lodash.foreach": "^4.5.0",
        "lodash.merge": "^4.6.2",
        "lodash.size": "^4.2.0",
        "macroable": "^4.0.4",
        "truncatise": "0.0.8"
      }
    },
    "emoji-regex": {
      "version": "6.1.1",
      "resolved": "https://registry.npmjs.org/emoji-regex/-/emoji-regex-6.1.1.tgz",
      "integrity": "sha1-xs0OwbBkLio8Z6ETfvxeeW2k+I4="
    },
    "esprima": {
      "version": "4.0.1",
      "resolved": "https://registry.npmjs.org/esprima/-/esprima-4.0.1.tgz",
      "integrity": "sha512-eGuFFw7Upda+g4p+QHvnW0RyTX/SVeJBDM/gCtMARO0cLuT2HcEKnTPvhjV6aGeqrCB/sbNop0Kszm0jsaWU4A=="
    },
    "extend": {
      "version": "3.0.2",
      "resolved": "https://registry.npmjs.org/extend/-/extend-3.0.2.tgz",
      "integrity": "sha512-fjquC59cD7CyW6urNXK0FBufkZcoiGG80wTuPujX590cB5Ttln20E2UB4S/WARVqhXffZl2LNgS+gQdPIIim/g=="
    },
    "extend-shallow": {
      "version": "2.0.1",
      "resolved": "https://registry.npmjs.org/extend-shallow/-/extend-shallow-2.0.1.tgz",
      "integrity": "sha1-Ua99YUrZqfYQ6huvu5idaxxWiQ8=",
      "requires": {
        "is-extendable": "^0.1.0"
      }
    },
    "fs-extra": {
      "version": "9.0.1",
      "resolved": "https://registry.npmjs.org/fs-extra/-/fs-extra-9.0.1.tgz",
      "integrity": "sha512-h2iAoN838FqAFJY2/qVpzFXy+EBxfVE220PalAqQLDVsFOHLJrZvut5puAbCdNv6WJk+B8ihI+k0c7JK5erwqQ==",
      "requires": {
        "at-least-node": "^1.0.0",
        "graceful-fs": "^4.2.0",
        "jsonfile": "^6.0.1",
        "universalify": "^1.0.0"
      }
    },
    "github-slugger": {
      "version": "1.3.0",
      "resolved": "https://registry.npmjs.org/github-slugger/-/github-slugger-1.3.0.tgz",
      "integrity": "sha512-gwJScWVNhFYSRDvURk/8yhcFBee6aFjye2a7Lhb2bUyRulpIoek9p0I9Kt7PT67d/nUlZbFu8L9RLiA0woQN8Q==",
      "requires": {
        "emoji-regex": ">=6.0.0 <=6.1.1"
      }
    },
    "graceful-fs": {
      "version": "4.2.4",
      "resolved": "https://registry.npmjs.org/graceful-fs/-/graceful-fs-4.2.4.tgz",
      "integrity": "sha512-WjKPNJF79dtJAVniUlGGWHYGz2jWxT6VhN/4m1NdkbZ2nOsEF+cI1Edgql5zCRhs/VsQYRvrXctxktVXZUkixw=="
    },
    "gray-matter": {
      "version": "4.0.2",
      "resolved": "https://registry.npmjs.org/gray-matter/-/gray-matter-4.0.2.tgz",
      "integrity": "sha512-7hB/+LxrOjq/dd8APlK0r24uL/67w7SkYnfwhNFwg/VDIGWGmduTDYf3WNstLW2fbbmRwrDGCVSJ2isuf2+4Hw==",
      "requires": {
        "js-yaml": "^3.11.0",
        "kind-of": "^6.0.2",
        "section-matter": "^1.0.0",
        "strip-bom-string": "^1.0.0"
      }
    },
    "hast-util-embedded": {
      "version": "1.0.5",
      "resolved": "https://registry.npmjs.org/hast-util-embedded/-/hast-util-embedded-1.0.5.tgz",
      "integrity": "sha512-0FfLHmfArWOizbdwjL+Rc9QIBzqP80juicNl4S4NEPq5OYWBCgYrtYDPUDoSyQQ9IQlBn9W7++fpYQNzZSq/wQ==",
      "requires": {
        "hast-util-is-element": "^1.0.0"
      }
    },
    "hast-util-has-property": {
      "version": "1.0.4",
      "resolved": "https://registry.npmjs.org/hast-util-has-property/-/hast-util-has-property-1.0.4.tgz",
      "integrity": "sha512-ghHup2voGfgFoHMGnaLHOjbYFACKrRh9KFttdCzMCbFoBMJXiNi2+XTrPP8+q6cDJM/RSqlCfVWrjp1H201rZg=="
    },
    "hast-util-is-body-ok-link": {
      "version": "1.0.4",
      "resolved": "https://registry.npmjs.org/hast-util-is-body-ok-link/-/hast-util-is-body-ok-link-1.0.4.tgz",
      "integrity": "sha512-mFblNpLvFbD8dG2Nw5dJBYZkxIHeph1JAh5yr4huI7T5m8cV0zaXNiqzKPX/JdjA+tIDF7c33u9cxK132KRjyQ==",
      "requires": {
        "hast-util-has-property": "^1.0.0",
        "hast-util-is-element": "^1.0.0"
      }
    },
    "hast-util-is-element": {
      "version": "1.1.0",
      "resolved": "https://registry.npmjs.org/hast-util-is-element/-/hast-util-is-element-1.1.0.tgz",
      "integrity": "sha512-oUmNua0bFbdrD/ELDSSEadRVtWZOf3iF6Lbv81naqsIV99RnSCieTbWuWCY8BAeEfKJTKl0gRdokv+dELutHGQ=="
    },
    "hast-util-sanitize": {
      "version": "1.3.1",
      "resolved": "https://registry.npmjs.org/hast-util-sanitize/-/hast-util-sanitize-1.3.1.tgz",
      "integrity": "sha512-AIeKHuHx0Wk45nSkGVa2/ujQYTksnDl8gmmKo/mwQi7ag7IBZ8cM3nJ2G86SajbjGP/HRpud6kMkPtcM2i0Tlw==",
      "requires": {
        "xtend": "^4.0.1"
      }
    },
    "hast-util-to-html": {
      "version": "4.0.1",
      "resolved": "https://registry.npmjs.org/hast-util-to-html/-/hast-util-to-html-4.0.1.tgz",
      "integrity": "sha512-2emzwyf0xEsc4TBIPmDJmBttIw8R4SXAJiJZoiRR/s47ODYWgOqNoDbf2SJAbMbfNdFWMiCSOrI3OVnX6Qq2Mg==",
      "requires": {
        "ccount": "^1.0.0",
        "comma-separated-tokens": "^1.0.1",
        "hast-util-is-element": "^1.0.0",
        "hast-util-whitespace": "^1.0.0",
        "html-void-elements": "^1.0.0",
        "property-information": "^4.0.0",
        "space-separated-tokens": "^1.0.0",
        "stringify-entities": "^1.0.1",
        "unist-util-is": "^2.0.0",
        "xtend": "^4.0.1"
      },
      "dependencies": {
        "unist-util-is": {
          "version": "2.1.3",
          "resolved": "https://registry.npmjs.org/unist-util-is/-/unist-util-is-2.1.3.tgz",
          "integrity": "sha512-4WbQX2iwfr/+PfM4U3zd2VNXY+dWtZsN1fLnWEi2QQXA4qyDYAZcDMfXUX0Cu6XZUHHAO9q4nyxxLT4Awk1qUA=="
        }
      }
    },
    "hast-util-whitespace": {
      "version": "1.0.4",
      "resolved": "https://registry.npmjs.org/hast-util-whitespace/-/hast-util-whitespace-1.0.4.tgz",
      "integrity": "sha512-I5GTdSfhYfAPNztx2xJRQpG8cuDSNt599/7YUn7Gx/WxNMsG+a835k97TDkFgk123cwjfwINaZknkKkphx/f2A=="
    },
    "he": {
      "version": "1.2.0",
      "resolved": "https://registry.npmjs.org/he/-/he-1.2.0.tgz",
      "integrity": "sha512-F/1DnUGPopORZi0ni+CvrCgHQ5FyEAHRLSApuYWMmrbSwoN2Mn/7k+Gl38gJnR7yyDZk6WLXwiGod1JOWNDKGw=="
    },
    "html-void-elements": {
      "version": "1.0.5",
      "resolved": "https://registry.npmjs.org/html-void-elements/-/html-void-elements-1.0.5.tgz",
      "integrity": "sha512-uE/TxKuyNIcx44cIWnjr/rfIATDH7ZaOMmstu0CwhFG1Dunhlp4OC6/NMbhiwoq5BpW0ubi303qnEk/PZj614w=="
    },
    "html-whitespace-sensitive-tag-names": {
      "version": "1.0.3",
      "resolved": "https://registry.npmjs.org/html-whitespace-sensitive-tag-names/-/html-whitespace-sensitive-tag-names-1.0.3.tgz",
      "integrity": "sha512-GX1UguduCBEAEo1hjFxc2Bz04/sDq0ACNyT7LsuoDcPfXYI3nS0NRPp3dyazLJyVUMp3GPBB56i/0Zr6CqD2PQ=="
    },
    "inherits": {
      "version": "2.0.4",
      "resolved": "https://registry.npmjs.org/inherits/-/inherits-2.0.4.tgz",
      "integrity": "sha512-k/vGaX4/Yla3WzyMCvTQOXYeIHvqOKtnqBduzTHpzpQZzAskKMhZ2K+EnBiSM9zGSoIFeMpXKxa4dYeZIQqewQ=="
    },
    "is-alphabetical": {
      "version": "1.0.4",
      "resolved": "https://registry.npmjs.org/is-alphabetical/-/is-alphabetical-1.0.4.tgz",
      "integrity": "sha512-DwzsA04LQ10FHTZuL0/grVDk4rFoVH1pjAToYwBrHSxcrBIGQuXrQMtD5U1b0U2XVgKZCTLLP8u2Qxqhy3l2Vg=="
    },
    "is-alphanumerical": {
      "version": "1.0.4",
      "resolved": "https://registry.npmjs.org/is-alphanumerical/-/is-alphanumerical-1.0.4.tgz",
      "integrity": "sha512-UzoZUr+XfVz3t3v4KyGEniVL9BDRoQtY7tOyrRybkVNjDFWyo1yhXNGrrBTQxp3ib9BLAWs7k2YKBQsFRkZG9A==",
      "requires": {
        "is-alphabetical": "^1.0.0",
        "is-decimal": "^1.0.0"
      }
    },
    "is-buffer": {
      "version": "2.0.4",
      "resolved": "https://registry.npmjs.org/is-buffer/-/is-buffer-2.0.4.tgz",
      "integrity": "sha512-Kq1rokWXOPXWuaMAqZiJW4XxsmD9zGx9q4aePabbn3qCRGedtH7Cm+zV8WETitMfu1wdh+Rvd6w5egwSngUX2A=="
    },
    "is-decimal": {
      "version": "1.0.4",
      "resolved": "https://registry.npmjs.org/is-decimal/-/is-decimal-1.0.4.tgz",
      "integrity": "sha512-RGdriMmQQvZ2aqaQq3awNA6dCGtKpiDFcOzrTWrDAT2MiWrKQVPmxLGHl7Y2nNu6led0kEyoX0enY0qXYsv9zw=="
    },
    "is-extendable": {
      "version": "0.1.1",
      "resolved": "https://registry.npmjs.org/is-extendable/-/is-extendable-0.1.1.tgz",
      "integrity": "sha1-YrEQ4omkcUGOPsNqYX1HLjAd/Ik="
    },
    "is-hexadecimal": {
      "version": "1.0.4",
      "resolved": "https://registry.npmjs.org/is-hexadecimal/-/is-hexadecimal-1.0.4.tgz",
      "integrity": "sha512-gyPJuv83bHMpocVYoqof5VDiZveEoGoFL8m3BXNb2VW8Xs+rz9kqO8LOQ5DH6EsuvilT1ApazU0pyl+ytbPtlw=="
    },
    "is-plain-obj": {
      "version": "1.1.0",
      "resolved": "https://registry.npmjs.org/is-plain-obj/-/is-plain-obj-1.1.0.tgz",
      "integrity": "sha1-caUMhCnfync8kqOQpKA7OfzVHT4="
    },
    "is-whitespace-character": {
      "version": "1.0.4",
      "resolved": "https://registry.npmjs.org/is-whitespace-character/-/is-whitespace-character-1.0.4.tgz",
      "integrity": "sha512-SDweEzfIZM0SJV0EUga669UTKlmL0Pq8Lno0QDQsPnvECB3IM2aP0gdx5TrU0A01MAPfViaZiI2V1QMZLaKK5w=="
    },
    "is-word-character": {
      "version": "1.0.4",
      "resolved": "https://registry.npmjs.org/is-word-character/-/is-word-character-1.0.4.tgz",
      "integrity": "sha512-5SMO8RVennx3nZrqtKwCGyyetPE9VDba5ugvKLaD4KopPG5kR4mQ7tNt/r7feL5yt5h3lpuBbIUmCOG2eSzXHA=="
    },
    "js-stringify": {
      "version": "1.0.2",
      "resolved": "https://registry.npmjs.org/js-stringify/-/js-stringify-1.0.2.tgz",
      "integrity": "sha1-Fzb939lyTyijaCrcYjCufk6Weds="
    },
    "js-yaml": {
      "version": "3.14.0",
      "resolved": "https://registry.npmjs.org/js-yaml/-/js-yaml-3.14.0.tgz",
      "integrity": "sha512-/4IbIeHcD9VMHFqDR/gQ7EdZdLimOvW2DdcxFjdyyZ9NsbS+ccrXqVWDtab/lRl5AlUqmpBx8EhPaWR+OtY17A==",
      "requires": {
        "argparse": "^1.0.7",
        "esprima": "^4.0.0"
      }
    },
    "jsonfile": {
      "version": "6.0.1",
      "resolved": "https://registry.npmjs.org/jsonfile/-/jsonfile-6.0.1.tgz",
      "integrity": "sha512-jR2b5v7d2vIOust+w3wtFKZIfpC2pnRmFAhAC/BuweZFQR8qZzxH1OyrQ10HmdVYiXWkYUqPVsz91cG7EL2FBg==",
      "requires": {
        "graceful-fs": "^4.1.6",
        "universalify": "^1.0.0"
      }
    },
    "kind-of": {
      "version": "6.0.3",
      "resolved": "https://registry.npmjs.org/kind-of/-/kind-of-6.0.3.tgz",
      "integrity": "sha512-dcS1ul+9tmeD95T+x28/ehLgd9mENa3LsvDTtzm3vyBEO7RPptvAD+t44WVXaUjTBRcrpFeFlC8WCruUR456hw=="
    },
    "lodash.foreach": {
      "version": "4.5.0",
      "resolved": "https://registry.npmjs.org/lodash.foreach/-/lodash.foreach-4.5.0.tgz",
      "integrity": "sha1-Gmo16s5AEoDH8G3d7DUWWrJ+PlM="
    },
    "lodash.merge": {
      "version": "4.6.2",
      "resolved": "https://registry.npmjs.org/lodash.merge/-/lodash.merge-4.6.2.tgz",
      "integrity": "sha512-0KpjqXRVvrYyCsX1swR/XTK0va6VQkQM6MNo7PqW77ByjAhoARA8EfrP1N4+KlKj8YS0ZUCtRT/YUuhyYDujIQ=="
    },
    "lodash.size": {
      "version": "4.2.0",
      "resolved": "https://registry.npmjs.org/lodash.size/-/lodash.size-4.2.0.tgz",
      "integrity": "sha1-cf517T6r2yvLc6GwtPUcOS7ie4Y="
    },
    "macroable": {
      "version": "4.0.4",
      "resolved": "https://registry.npmjs.org/macroable/-/macroable-4.0.4.tgz",
      "integrity": "sha512-mPS7fbKhVdcPCISbQX2BSbttSIudOEcYwBs8WAsHMtfslFboWjpwvXbWO5lp4MM9l7s4sfn2tWyysiE7OxIcag=="
    },
    "markdown-escapes": {
      "version": "1.0.4",
      "resolved": "https://registry.npmjs.org/markdown-escapes/-/markdown-escapes-1.0.4.tgz",
      "integrity": "sha512-8z4efJYk43E0upd0NbVXwgSTQs6cT3T06etieCMEg7dRbzCbxUCK/GHlX8mhHRDcp+OLlHkPKsvqQTCvsRl2cg=="
    },
    "mdast-squeeze-paragraphs": {
      "version": "3.0.5",
      "resolved": "https://registry.npmjs.org/mdast-squeeze-paragraphs/-/mdast-squeeze-paragraphs-3.0.5.tgz",
      "integrity": "sha512-xX6Vbe348Y/rukQlG4W3xH+7v4ZlzUbSY4HUIQCuYrF2DrkcHx584mCaFxkWoDZKNUfyLZItHC9VAqX3kIP7XA==",
      "requires": {
        "unist-util-remove": "^1.0.0"
      }
    },
    "mdast-util-definitions": {
      "version": "1.2.5",
      "resolved": "https://registry.npmjs.org/mdast-util-definitions/-/mdast-util-definitions-1.2.5.tgz",
      "integrity": "sha512-CJXEdoLfiISCDc2JB6QLb79pYfI6+GcIH+W2ox9nMc7od0Pz+bovcHsiq29xAQY6ayqe/9CsK2VzkSJdg1pFYA==",
      "requires": {
        "unist-util-visit": "^1.0.0"
      }
    },
    "mdast-util-to-hast": {
      "version": "3.0.4",
      "resolved": "https://registry.npmjs.org/mdast-util-to-hast/-/mdast-util-to-hast-3.0.4.tgz",
      "integrity": "sha512-/eIbly2YmyVgpJNo+bFLLMCI1XgolO/Ffowhf+pHDq3X4/V6FntC9sGQCDLM147eTS+uSXv5dRzJyFn+o0tazA==",
      "requires": {
        "collapse-white-space": "^1.0.0",
        "detab": "^2.0.0",
        "mdast-util-definitions": "^1.2.0",
        "mdurl": "^1.0.1",
        "trim": "0.0.1",
        "trim-lines": "^1.0.0",
        "unist-builder": "^1.0.1",
        "unist-util-generated": "^1.1.0",
        "unist-util-position": "^3.0.0",
        "unist-util-visit": "^1.1.0",
        "xtend": "^4.0.1"
      }
    },
    "mdast-util-to-string": {
      "version": "1.1.0",
      "resolved": "https://registry.npmjs.org/mdast-util-to-string/-/mdast-util-to-string-1.1.0.tgz",
      "integrity": "sha512-jVU0Nr2B9X3MU4tSK7JP1CMkSvOj7X5l/GboG1tKRw52lLF1x2Ju92Ms9tNetCcbfX3hzlM73zYo2NKkWSfF/A=="
    },
    "mdast-util-toc": {
      "version": "2.1.0",
      "resolved": "https://registry.npmjs.org/mdast-util-toc/-/mdast-util-toc-2.1.0.tgz",
      "integrity": "sha512-ove/QQWSrYOrf9G3xn2MTAjy7PKCtCmm261wpQwecoPAsUtkihkMVczxFqil7VihxgSz4ID9c8bBTsyXR30gQg==",
      "requires": {
        "github-slugger": "^1.1.1",
        "mdast-util-to-string": "^1.0.2",
        "unist-util-visit": "^1.1.0"
      }
    },
    "mdurl": {
      "version": "1.0.1",
      "resolved": "https://registry.npmjs.org/mdurl/-/mdurl-1.0.1.tgz",
      "integrity": "sha1-/oWy7HWlkDfyrf7BAP1sYBdhFS4="
    },
    "object-assign": {
      "version": "4.1.1",
      "resolved": "https://registry.npmjs.org/object-assign/-/object-assign-4.1.1.tgz",
      "integrity": "sha1-IQmtx5ZYh8/AXLvUQsrIv7s2CGM="
    },
    "parse-entities": {
      "version": "1.2.2",
      "resolved": "https://registry.npmjs.org/parse-entities/-/parse-entities-1.2.2.tgz",
      "integrity": "sha512-NzfpbxW/NPrzZ/yYSoQxyqUZMZXIdCfE0OIN4ESsnptHJECoUk3FZktxNuzQf4tjt5UEopnxpYJbvYuxIFDdsg==",
      "requires": {
        "character-entities": "^1.0.0",
        "character-entities-legacy": "^1.0.0",
        "character-reference-invalid": "^1.0.0",
        "is-alphanumerical": "^1.0.0",
        "is-decimal": "^1.0.0",
        "is-hexadecimal": "^1.0.0"
      }
    },
    "picomatch": {
      "version": "2.2.2",
      "resolved": "https://registry.npmjs.org/picomatch/-/picomatch-2.2.2.tgz",
      "integrity": "sha512-q0M/9eZHzmr0AulXyPwNfZjtwZ/RBZlbN3K3CErVrk50T2ASYI7Bye0EvekFY3IP1Nt2DHu0re+V2ZHIpMkuWg=="
    },
    "property-information": {
      "version": "4.2.0",
      "resolved": "https://registry.npmjs.org/property-information/-/property-information-4.2.0.tgz",
      "integrity": "sha512-TlgDPagHh+eBKOnH2VYvk8qbwsCG/TAJdmTL7f1PROUcSO8qt/KSmShEQ/OKvock8X9tFjtqjCScyOkkkvIKVQ==",
      "requires": {
        "xtend": "^4.0.1"
      }
    },
    "readdirp": {
      "version": "3.4.0",
      "resolved": "https://registry.npmjs.org/readdirp/-/readdirp-3.4.0.tgz",
      "integrity": "sha512-0xe001vZBnJEK+uKcj8qOhyAKPzIT+gStxWr3LCB0DwcXR5NZJ3IaC+yGnHCYzB/S7ov3m3EEbZI2zeNvX+hGQ==",
      "requires": {
        "picomatch": "^2.2.1"
      }
    },
    "rehype-minify-whitespace": {
      "version": "2.0.4",
      "resolved": "https://registry.npmjs.org/rehype-minify-whitespace/-/rehype-minify-whitespace-2.0.4.tgz",
      "integrity": "sha512-TQVOvOSURaWNbYepVgSzUofSTRsaAVQe/dH01Mo44u+Gr221jTmUem8l0jlJBAfSOHNaUF4jfDDbyEeb4ueAmA==",
      "requires": {
        "collapse-white-space": "^1.0.0",
        "hast-util-embedded": "^1.0.0",
        "hast-util-has-property": "^1.0.0",
        "hast-util-is-body-ok-link": "^1.0.0",
        "hast-util-is-element": "^1.0.0",
        "html-whitespace-sensitive-tag-names": "^1.0.0",
        "unist-util-is": "^3.0.0",
        "unist-util-modify-children": "^1.0.0"
      }
    },
    "rehype-sanitize": {
      "version": "2.0.3",
      "resolved": "https://registry.npmjs.org/rehype-sanitize/-/rehype-sanitize-2.0.3.tgz",
      "integrity": "sha512-RZFLBV36yOWNbV4g2WJDfilAzV1Sin/InQHXA+5h9+GkxCFnTJCC7SPrAdVHEIrQ882eAD8/51jEYHD6xrewcw==",
      "requires": {
        "hast-util-sanitize": "^1.1.0"
      }
    },
    "rehype-sort-attribute-values": {
      "version": "1.0.1",
      "resolved": "https://registry.npmjs.org/rehype-sort-attribute-values/-/rehype-sort-attribute-values-1.0.1.tgz",
      "integrity": "sha512-ZbIbqEAqEulXFAJGkL5Ogb+oCd5sOe1Fc/DQPCqsYpOfPyioE6HomqTfDQfNL0LD5ODTZyrj2yigzfjfqJuSGQ==",
      "requires": {
        "hast-util-has-property": "^1.0.0",
        "hast-util-is-element": "^1.0.0",
        "unist-util-visit": "^1.1.0",
        "x-is-array": "^0.1.0"
      }
    },
    "rehype-sort-attributes": {
      "version": "1.0.1",
      "resolved": "https://registry.npmjs.org/rehype-sort-attributes/-/rehype-sort-attributes-1.0.1.tgz",
      "integrity": "sha512-6N1Ur835b6lfj7AWEhZHu/JX0VX3PzRtwmalmcKOE/iPbaHKU/B3E6y8KfXUEygr+oad0BfOF59D8NuclqyVcw==",
      "requires": {
        "hast-util-has-property": "^1.0.0",
        "unist-util-visit": "^1.0.0"
      }
    },
    "rehype-stringify": {
      "version": "4.0.0",
      "resolved": "https://registry.npmjs.org/rehype-stringify/-/rehype-stringify-4.0.0.tgz",
      "integrity": "sha512-ZWBQg2fW3/75jms314hu4YIqqlAwXdbzpmwd4ez/q4nKA/zKnVUKso0xe6PfGr5Xy5GXpn4uDr9gAYgBXam7vA==",
      "requires": {
        "hast-util-to-html": "^4.0.0",
        "xtend": "^4.0.1"
      }
    },
    "remark-autolink-headings": {
      "version": "git+https://github.com/thetutlage/remark-autolink-headings.git#0618c8fd2335037fbb652f695aad91b6af433dbb",
      "from": "git+https://github.com/thetutlage/remark-autolink-headings.git",
      "requires": {
        "unist-util-visit": "^1.3.0"
      }
    },
    "remark-macro": {
      "version": "1.0.7",
      "resolved": "https://registry.npmjs.org/remark-macro/-/remark-macro-1.0.7.tgz",
      "integrity": "sha512-PEFsUzV+tS4iTHb2dqzzCFORQUtuQZxWXPoLsdfF4G52N3xrfc6j4+5HoghS7Lb4z/DBs5pYONTXw/ceYfNSJQ==",
      "requires": {
        "unist-util-visit": "^1.4.0"
      }
    },
    "remark-parse": {
      "version": "5.0.0",
      "resolved": "https://registry.npmjs.org/remark-parse/-/remark-parse-5.0.0.tgz",
      "integrity": "sha512-b3iXszZLH1TLoyUzrATcTQUZrwNl1rE70rVdSruJFlDaJ9z5aMkhrG43Pp68OgfHndL/ADz6V69Zow8cTQu+JA==",
      "requires": {
        "collapse-white-space": "^1.0.2",
        "is-alphabetical": "^1.0.0",
        "is-decimal": "^1.0.0",
        "is-whitespace-character": "^1.0.0",
        "is-word-character": "^1.0.0",
        "markdown-escapes": "^1.0.0",
        "parse-entities": "^1.1.0",
        "repeat-string": "^1.5.4",
        "state-toggle": "^1.0.0",
        "trim": "0.0.1",
        "trim-trailing-lines": "^1.0.0",
        "unherit": "^1.0.4",
        "unist-util-remove-position": "^1.0.0",
        "vfile-location": "^2.0.0",
        "xtend": "^4.0.1"
      }
    },
    "remark-rehype": {
      "version": "3.0.2",
      "resolved": "https://registry.npmjs.org/remark-rehype/-/remark-rehype-3.0.2.tgz",
      "integrity": "sha512-KDRCnMzRyyCDr0I14Kfk5094W7jjhQwAIJ1C6NniGNjp2OIhcrtqRaiTZCoyEtoYILXTmZKmuOnL5yYGaEFFJA==",
      "requires": {
        "mdast-util-to-hast": "^3.0.0"
      }
    },
    "remark-slug": {
      "version": "5.1.2",
      "resolved": "https://registry.npmjs.org/remark-slug/-/remark-slug-5.1.2.tgz",
      "integrity": "sha512-DWX+Kd9iKycqyD+/B+gEFO3jjnt7Yg1O05lygYSNTe5i5PIxxxPjp5qPBDxPIzp5wreF7+1ROCwRgjEcqmzr3A==",
      "requires": {
        "github-slugger": "^1.0.0",
        "mdast-util-to-string": "^1.0.0",
        "unist-util-visit": "^1.0.0"
      }
    },
    "remark-squeeze-paragraphs": {
      "version": "3.0.4",
      "resolved": "https://registry.npmjs.org/remark-squeeze-paragraphs/-/remark-squeeze-paragraphs-3.0.4.tgz",
      "integrity": "sha512-Wmz5Yj9q+W1oryo8BV17JrOXZgUKVcpJ2ApE2pwnoHwhFKSk4Wp2PmFNbmJMgYSqAdFwfkoe+TSYop5Fy8wMgA==",
      "requires": {
        "mdast-squeeze-paragraphs": "^3.0.0"
      }
    },
    "repeat-string": {
      "version": "1.6.1",
      "resolved": "https://registry.npmjs.org/repeat-string/-/repeat-string-1.6.1.tgz",
      "integrity": "sha1-jcrkcOHIirwtYA//Sndihtp15jc="
    },
    "replace-ext": {
      "version": "1.0.0",
      "resolved": "https://registry.npmjs.org/replace-ext/-/replace-ext-1.0.0.tgz",
      "integrity": "sha1-3mMSg3P8v3w8z6TeWkgMRaZ5WOs="
    },
    "section-matter": {
      "version": "1.0.0",
      "resolved": "https://registry.npmjs.org/section-matter/-/section-matter-1.0.0.tgz",
      "integrity": "sha512-vfD3pmTzGpufjScBh50YHKzEu2lxBWhVEHsNGoEXmCmn2hKGfeNLYMzCJpe8cD7gqX7TJluOVpBkAequ6dgMmA==",
      "requires": {
        "extend-shallow": "^2.0.1",
        "kind-of": "^6.0.0"
      }
    },
    "space-separated-tokens": {
      "version": "1.1.5",
      "resolved": "https://registry.npmjs.org/space-separated-tokens/-/space-separated-tokens-1.1.5.tgz",
      "integrity": "sha512-q/JSVd1Lptzhf5bkYm4ob4iWPjx0KiRe3sRFBNrVqbJkFaBm5vbbowy1mymoPNLRa52+oadOhJ+K49wsSeSjTA=="
    },
    "sprintf-js": {
      "version": "1.0.3",
      "resolved": "https://registry.npmjs.org/sprintf-js/-/sprintf-js-1.0.3.tgz",
      "integrity": "sha1-BOaSb2YolTVPPdAVIDYzuFcpfiw="
    },
    "state-toggle": {
      "version": "1.0.3",
      "resolved": "https://registry.npmjs.org/state-toggle/-/state-toggle-1.0.3.tgz",
      "integrity": "sha512-d/5Z4/2iiCnHw6Xzghyhb+GcmF89bxwgXG60wjIiZaxnymbyOmI8Hk4VqHXiVVp6u2ysaskFfXg3ekCj4WNftQ=="
    },
    "stringify-entities": {
      "version": "1.3.2",
      "resolved": "https://registry.npmjs.org/stringify-entities/-/stringify-entities-1.3.2.tgz",
      "integrity": "sha512-nrBAQClJAPN2p+uGCVJRPIPakKeKWZ9GtBCmormE7pWOSlHat7+x5A8gx85M7HM5Dt0BP3pP5RhVW77WdbJJ3A==",
      "requires": {
        "character-entities-html4": "^1.0.0",
        "character-entities-legacy": "^1.0.0",
        "is-alphanumerical": "^1.0.0",
        "is-hexadecimal": "^1.0.0"
      }
    },
    "strip-bom-string": {
      "version": "1.0.0",
      "resolved": "https://registry.npmjs.org/strip-bom-string/-/strip-bom-string-1.0.0.tgz",
      "integrity": "sha1-5SEekiQ2n7uB1jOi8ABE3IztrZI="
    },
    "trim": {
      "version": "0.0.1",
      "resolved": "https://registry.npmjs.org/trim/-/trim-0.0.1.tgz",
      "integrity": "sha1-WFhUf2spB1fulczMZm+1AITEYN0="
    },
    "trim-lines": {
      "version": "1.1.3",
      "resolved": "https://registry.npmjs.org/trim-lines/-/trim-lines-1.1.3.tgz",
      "integrity": "sha512-E0ZosSWYK2mkSu+KEtQ9/KqarVjA9HztOSX+9FDdNacRAq29RRV6ZQNgob3iuW8Htar9vAfEa6yyt5qBAHZDBA=="
    },
    "trim-trailing-lines": {
      "version": "1.1.3",
      "resolved": "https://registry.npmjs.org/trim-trailing-lines/-/trim-trailing-lines-1.1.3.tgz",
      "integrity": "sha512-4ku0mmjXifQcTVfYDfR5lpgV7zVqPg6zV9rdZmwOPqq0+Zq19xDqEgagqVbc4pOOShbncuAOIs59R3+3gcF3ZA=="
    },
    "trough": {
      "version": "1.0.5",
      "resolved": "https://registry.npmjs.org/trough/-/trough-1.0.5.tgz",
      "integrity": "sha512-rvuRbTarPXmMb79SmzEp8aqXNKcK+y0XaB298IXueQ8I2PsrATcPBCSPyK/dDNa2iWOhKlfNnOjdAOTBU/nkFA=="
    },
    "truncatise": {
      "version": "0.0.8",
      "resolved": "https://registry.npmjs.org/truncatise/-/truncatise-0.0.8.tgz",
      "integrity": "sha512-cXzueh9pzBCsLzhToB4X4gZCb3KYkrsAcBAX97JnazE74HOl3cpBJYEV7nabHeG/6/WXCU5Yujlde/WPBUwnsg=="
    },
    "unherit": {
      "version": "1.1.3",
      "resolved": "https://registry.npmjs.org/unherit/-/unherit-1.1.3.tgz",
      "integrity": "sha512-Ft16BJcnapDKp0+J/rqFC3Rrk6Y/Ng4nzsC028k2jdDII/rdZ7Wd3pPT/6+vIIxRagwRc9K0IUX0Ra4fKvw+WQ==",
      "requires": {
        "inherits": "^2.0.0",
        "xtend": "^4.0.0"
      }
    },
    "unified": {
      "version": "7.1.0",
      "resolved": "https://registry.npmjs.org/unified/-/unified-7.1.0.tgz",
      "integrity": "sha512-lbk82UOIGuCEsZhPj8rNAkXSDXd6p0QLzIuSsCdxrqnqU56St4eyOB+AlXsVgVeRmetPTYydIuvFfpDIed8mqw==",
      "requires": {
        "@types/unist": "^2.0.0",
        "@types/vfile": "^3.0.0",
        "bail": "^1.0.0",
        "extend": "^3.0.0",
        "is-plain-obj": "^1.1.0",
        "trough": "^1.0.0",
        "vfile": "^3.0.0",
        "x-is-string": "^0.1.0"
      }
    },
    "unist-builder": {
      "version": "1.0.4",
      "resolved": "https://registry.npmjs.org/unist-builder/-/unist-builder-1.0.4.tgz",
      "integrity": "sha512-v6xbUPP7ILrT15fHGrNyHc1Xda8H3xVhP7/HAIotHOhVPjH5dCXA097C3Rry1Q2O+HbOLCao4hfPB+EYEjHgVg==",
      "requires": {
        "object-assign": "^4.1.0"
      }
    },
    "unist-util-generated": {
      "version": "1.1.5",
      "resolved": "https://registry.npmjs.org/unist-util-generated/-/unist-util-generated-1.1.5.tgz",
      "integrity": "sha512-1TC+NxQa4N9pNdayCYA1EGUOCAO0Le3fVp7Jzns6lnua/mYgwHo0tz5WUAfrdpNch1RZLHc61VZ1SDgrtNXLSw=="
    },
    "unist-util-is": {
      "version": "3.0.0",
      "resolved": "https://registry.npmjs.org/unist-util-is/-/unist-util-is-3.0.0.tgz",
      "integrity": "sha512-sVZZX3+kspVNmLWBPAB6r+7D9ZgAFPNWm66f7YNb420RlQSbn+n8rG8dGZSkrER7ZIXGQYNm5pqC3v3HopH24A=="
    },
    "unist-util-modify-children": {
      "version": "1.1.6",
      "resolved": "https://registry.npmjs.org/unist-util-modify-children/-/unist-util-modify-children-1.1.6.tgz",
      "integrity": "sha512-TOA6W9QLil+BrHqIZNR4o6IA5QwGOveMbnQxnWYq+7EFORx9vz/CHrtzF36zWrW61E2UKw7sM1KPtIgeceVwXw==",
      "requires": {
        "array-iterate": "^1.0.0"
      }
    },
    "unist-util-position": {
      "version": "3.1.0",
      "resolved": "https://registry.npmjs.org/unist-util-position/-/unist-util-position-3.1.0.tgz",
      "integrity": "sha512-w+PkwCbYSFw8vpgWD0v7zRCl1FpY3fjDSQ3/N/wNd9Ffa4gPi8+4keqt99N3XW6F99t/mUzp2xAhNmfKWp95QA=="
    },
    "unist-util-remove": {
      "version": "1.0.3",
      "resolved": "https://registry.npmjs.org/unist-util-remove/-/unist-util-remove-1.0.3.tgz",
      "integrity": "sha512-mB6nCHCQK0pQffUAcCVmKgIWzG/AXs/V8qpS8K72tMPtOSCMSjDeMc5yN+Ye8rB0FhcE+JvW++o1xRNc0R+++g==",
      "requires": {
        "unist-util-is": "^3.0.0"
      }
    },
    "unist-util-remove-position": {
      "version": "1.1.4",
      "resolved": "https://registry.npmjs.org/unist-util-remove-position/-/unist-util-remove-position-1.1.4.tgz",
      "integrity": "sha512-tLqd653ArxJIPnKII6LMZwH+mb5q+n/GtXQZo6S6csPRs5zB0u79Yw8ouR3wTw8wxvdJFhpP6Y7jorWdCgLO0A==",
      "requires": {
        "unist-util-visit": "^1.1.0"
      }
    },
    "unist-util-stringify-position": {
      "version": "2.0.3",
      "resolved": "https://registry.npmjs.org/unist-util-stringify-position/-/unist-util-stringify-position-2.0.3.tgz",
      "integrity": "sha512-3faScn5I+hy9VleOq/qNbAd6pAx7iH5jYBMS9I1HgQVijz/4mv5Bvw5iw1sC/90CODiKo81G/ps8AJrISn687g==",
      "requires": {
        "@types/unist": "^2.0.2"
      }
    },
    "unist-util-visit": {
      "version": "1.4.1",
      "resolved": "https://registry.npmjs.org/unist-util-visit/-/unist-util-visit-1.4.1.tgz",
      "integrity": "sha512-AvGNk7Bb//EmJZyhtRUnNMEpId/AZ5Ph/KUpTI09WHQuDZHKovQ1oEv3mfmKpWKtoMzyMC4GLBm1Zy5k12fjIw==",
      "requires": {
        "unist-util-visit-parents": "^2.0.0"
      }
    },
    "unist-util-visit-parents": {
      "version": "2.1.2",
      "resolved": "https://registry.npmjs.org/unist-util-visit-parents/-/unist-util-visit-parents-2.1.2.tgz",
      "integrity": "sha512-DyN5vD4NE3aSeB+PXYNKxzGsfocxp6asDc2XXE3b0ekO2BaRUpBicbbUygfSvYfUz1IkmjFR1YF7dPklraMZ2g==",
      "requires": {
        "unist-util-is": "^3.0.0"
      }
    },
    "universalify": {
      "version": "1.0.0",
      "resolved": "https://registry.npmjs.org/universalify/-/universalify-1.0.0.tgz",
      "integrity": "sha512-rb6X1W158d7pRQBg5gkR8uPaSfiids68LTJQYOtEUhoJUWBdaQHsuT/EUduxXYxcrt4r5PJ4fuHW1MHT6p0qug=="
    },
    "vfile": {
      "version": "3.0.1",
      "resolved": "https://registry.npmjs.org/vfile/-/vfile-3.0.1.tgz",
      "integrity": "sha512-y7Y3gH9BsUSdD4KzHsuMaCzRjglXN0W2EcMf0gpvu6+SbsGhMje7xDc8AEoeXy6mIwCKMI6BkjMsRjzQbhMEjQ==",
      "requires": {
        "is-buffer": "^2.0.0",
        "replace-ext": "1.0.0",
        "unist-util-stringify-position": "^1.0.0",
        "vfile-message": "^1.0.0"
      },
      "dependencies": {
        "unist-util-stringify-position": {
          "version": "1.1.2",
          "resolved": "https://registry.npmjs.org/unist-util-stringify-position/-/unist-util-stringify-position-1.1.2.tgz",
          "integrity": "sha512-pNCVrk64LZv1kElr0N1wPiHEUoXNVFERp+mlTg/s9R5Lwg87f9bM/3sQB99w+N9D/qnM9ar3+AKDBwo/gm/iQQ=="
        },
        "vfile-message": {
          "version": "1.1.1",
          "resolved": "https://registry.npmjs.org/vfile-message/-/vfile-message-1.1.1.tgz",
          "integrity": "sha512-1WmsopSGhWt5laNir+633LszXvZ+Z/lxveBf6yhGsqnQIhlhzooZae7zV6YVM1Sdkw68dtAW3ow0pOdPANugvA==",
          "requires": {
            "unist-util-stringify-position": "^1.1.1"
          }
        }
      }
    },
    "vfile-location": {
      "version": "2.0.6",
      "resolved": "https://registry.npmjs.org/vfile-location/-/vfile-location-2.0.6.tgz",
      "integrity": "sha512-sSFdyCP3G6Ka0CEmN83A2YCMKIieHx0EDaj5IDP4g1pa5ZJ4FJDvpO0WODLxo4LUX4oe52gmSCK7Jw4SBghqxA=="
    },
    "vfile-message": {
      "version": "2.0.4",
      "resolved": "https://registry.npmjs.org/vfile-message/-/vfile-message-2.0.4.tgz",
      "integrity": "sha512-DjssxRGkMvifUOJre00juHoP9DPWuzjxKuMDrhNbk2TdaYYBNMStsNhEOt3idrtI12VQYM/1+iM0KOzXi4pxwQ==",
      "requires": {
        "@types/unist": "^2.0.0",
        "unist-util-stringify-position": "^2.0.0"
      }
    },
    "x-is-array": {
      "version": "0.1.0",
      "resolved": "https://registry.npmjs.org/x-is-array/-/x-is-array-0.1.0.tgz",
      "integrity": "sha1-3lIBcdR7P0FvVYfWKbidJrEtwp0="
    },
    "x-is-string": {
      "version": "0.1.0",
      "resolved": "https://registry.npmjs.org/x-is-string/-/x-is-string-0.1.0.tgz",
      "integrity": "sha1-R0tQhlrzpJqcRlfwWs0UVFj3fYI="
    },
    "xtend": {
      "version": "4.0.2",
      "resolved": "https://registry.npmjs.org/xtend/-/xtend-4.0.2.tgz",
      "integrity": "sha512-LKYU1iAXJXUgAXn9URjiu+MWhyUXHsvfp7mcuYm9dSUKK0/CjtrUwFAxD82/mCWbtLsGjFIad0wIsod4zrTAEQ=="
    }
  }
}
